// !$*UTF8*$!
{
	archiveVersion = 1;
	classes = {
	};
	objectVersion = 46;
	objects = {

/* Begin PBXBuildFile section */
		8C29ECDF1A58766C004A758D /* NSDateTimeAgo.bundle in Resources */ = {isa = PBXBuildFile; fileRef = 8C29ECDE1A58766C004A758D /* NSDateTimeAgo.bundle */; };
		8C29ECE21A58775D004A758D /* NSDate+TimeAgo.m in Sources */ = {isa = PBXBuildFile; fileRef = 8C29ECE11A58775D004A758D /* NSDate+TimeAgo.m */; };
		8C29ECEA1A5891BA004A758D /* PinOnMapViewController.m in Sources */ = {isa = PBXBuildFile; fileRef = 8C29ECE91A5891BA004A758D /* PinOnMapViewController.m */; };
		8C29ECEC1A58A8BB004A758D /* okIMG.jpg in Resources */ = {isa = PBXBuildFile; fileRef = 8C29ECEB1A58A8BB004A758D /* okIMG.jpg */; };
		8C7F97FD1A5806C60044B80E /* HistoryTableViewController.m in Sources */ = {isa = PBXBuildFile; fileRef = 8C7F97FC1A5806C60044B80E /* HistoryTableViewController.m */; };
		8C87DC8D1A57E35800E50077 /* sample_data.json in Resources */ = {isa = PBXBuildFile; fileRef = 8C87DC8C1A57E35800E50077 /* sample_data.json */; };
		8C9105281A570374004F21CD /* Trick.m in Sources */ = {isa = PBXBuildFile; fileRef = 8C9105271A570374004F21CD /* Trick.m */; };
		8C91052B1A570521004F21CD /* SkateSpot.m in Sources */ = {isa = PBXBuildFile; fileRef = 8C91052A1A570521004F21CD /* SkateSpot.m */; };
		8C91052E1A570F0F004F21CD /* SubmitTrickViewController.m in Sources */ = {isa = PBXBuildFile; fileRef = 8C91052D1A570F0F004F21CD /* SubmitTrickViewController.m */; };
		8C9105321A571767004F21CD /* AutocompletedTextField.m in Sources */ = {isa = PBXBuildFile; fileRef = 8C9105311A571767004F21CD /* AutocompletedTextField.m */; };
		8CA010E01A56881200A624EA /* main.m in Sources */ = {isa = PBXBuildFile; fileRef = 8CA010DF1A56881200A624EA /* main.m */; };
		8CA010E31A56881200A624EA /* AppDelegate.m in Sources */ = {isa = PBXBuildFile; fileRef = 8CA010E21A56881200A624EA /* AppDelegate.m */; };
		8CA010E91A56881200A624EA /* Main.storyboard in Resources */ = {isa = PBXBuildFile; fileRef = 8CA010E71A56881200A624EA /* Main.storyboard */; };
		8CA010EB1A56881200A624EA /* Images.xcassets in Resources */ = {isa = PBXBuildFile; fileRef = 8CA010EA1A56881200A624EA /* Images.xcassets */; };
		8CA010EE1A56881200A624EA /* LaunchScreen.xib in Resources */ = {isa = PBXBuildFile; fileRef = 8CA010EC1A56881200A624EA /* LaunchScreen.xib */; };
		8CA010FA1A56881200A624EA /* TrickTipsTests.m in Sources */ = {isa = PBXBuildFile; fileRef = 8CA010F91A56881200A624EA /* TrickTipsTests.m */; };
		8CBDEA5B1A582C2400B2073D /* Parse.framework in Frameworks */ = {isa = PBXBuildFile; fileRef = 8CFBFA3D1A582AE10005D24E /* Parse.framework */; };
		8CBDEA5C1A582C2500B2073D /* Bolts.framework in Frameworks */ = {isa = PBXBuildFile; fileRef = 8CFBFA3C1A582AE10005D24E /* Bolts.framework */; };
		8CBDEA5D1A582C2700B2073D /* MapKit.framework in Frameworks */ = {isa = PBXBuildFile; fileRef = 8C54BBCE1A56DB14003575C7 /* MapKit.framework */; };
		8CBDEA5E1A582C2900B2073D /* CoreGraphics.framework in Frameworks */ = {isa = PBXBuildFile; fileRef = 8CFBFA401A582B220005D24E /* CoreGraphics.framework */; };
		8CBDEA5F1A582C2A00B2073D /* AudioToolbox.framework in Frameworks */ = {isa = PBXBuildFile; fileRef = 8CFBFA421A582B2A0005D24E /* AudioToolbox.framework */; };
		8CBDEA601A582C2E00B2073D /* CFNetwork.framework in Frameworks */ = {isa = PBXBuildFile; fileRef = 8CFBFA441A582B310005D24E /* CFNetwork.framework */; };
		8CBDEA611A582C2F00B2073D /* CoreLocation.framework in Frameworks */ = {isa = PBXBuildFile; fileRef = 8CFBFA461A582B380005D24E /* CoreLocation.framework */; };
		8CBDEA621A582C7200B2073D /* MobileCoreServices.framework in Frameworks */ = {isa = PBXBuildFile; fileRef = 8CFBFA481A582B3F0005D24E /* MobileCoreServices.framework */; };
		8CBDEA661A582F5900B2073D /* TrickDataBaseManager.m in Sources */ = {isa = PBXBuildFile; fileRef = 8CBDEA651A582F5900B2073D /* TrickDataBaseManager.m */; };
		8CFBFA3A1A5818CA0005D24E /* TrickDetailTableViewController.m in Sources */ = {isa = PBXBuildFile; fileRef = 8CFBFA391A5818CA0005D24E /* TrickDetailTableViewController.m */; };
		8CFBFA4D1A582B890005D24E /* Security.framework in Frameworks */ = {isa = PBXBuildFile; fileRef = 8CFBFA4C1A582B890005D24E /* Security.framework */; };
		8CFBFA4F1A582B990005D24E /* StoreKit.framework in Frameworks */ = {isa = PBXBuildFile; fileRef = 8CFBFA4E1A582B990005D24E /* StoreKit.framework */; };
		8CFBFA511A582BA50005D24E /* SystemConfiguration.framework in Frameworks */ = {isa = PBXBuildFile; fileRef = 8CFBFA501A582BA50005D24E /* SystemConfiguration.framework */; };
		8CFBFA531A582BC60005D24E /* libz.dylib in Frameworks */ = {isa = PBXBuildFile; fileRef = 8CFBFA521A582BC60005D24E /* libz.dylib */; };
		8CFBFA551A582BCE0005D24E /* libsqlite3.dylib in Frameworks */ = {isa = PBXBuildFile; fileRef = 8CFBFA541A582BCE0005D24E /* libsqlite3.dylib */; };
		8CFBFA561A582BF80005D24E /* QuartzCore.framework in Frameworks */ = {isa = PBXBuildFile; fileRef = 8CFBFA4A1A582B4C0005D24E /* QuartzCore.framework */; };
/* End PBXBuildFile section */

/* Begin PBXContainerItemProxy section */
		8CA010F41A56881200A624EA /* PBXContainerItemProxy */ = {
			isa = PBXContainerItemProxy;
			containerPortal = 8CA010D21A56881100A624EA /* Project object */;
			proxyType = 1;
			remoteGlobalIDString = 8CA010D91A56881100A624EA;
			remoteInfo = TrickTips;
		};
/* End PBXContainerItemProxy section */

/* Begin PBXFileReference section */
		8C29ECDE1A58766C004A758D /* NSDateTimeAgo.bundle */ = {isa = PBXFileReference; lastKnownFileType = "wrapper.plug-in"; path = NSDateTimeAgo.bundle; sourceTree = "<group>"; };
		8C29ECE01A58775D004A758D /* NSDate+TimeAgo.h */ = {isa = PBXFileReference; fileEncoding = 4; lastKnownFileType = sourcecode.c.h; path = "NSDate+TimeAgo.h"; sourceTree = "<group>"; };
		8C29ECE11A58775D004A758D /* NSDate+TimeAgo.m */ = {isa = PBXFileReference; fileEncoding = 4; lastKnownFileType = sourcecode.c.objc; path = "NSDate+TimeAgo.m"; sourceTree = "<group>"; };
		8C29ECE81A5891BA004A758D /* PinOnMapViewController.h */ = {isa = PBXFileReference; fileEncoding = 4; lastKnownFileType = sourcecode.c.h; path = PinOnMapViewController.h; sourceTree = "<group>"; };
		8C29ECE91A5891BA004A758D /* PinOnMapViewController.m */ = {isa = PBXFileReference; fileEncoding = 4; lastKnownFileType = sourcecode.c.objc; path = PinOnMapViewController.m; sourceTree = "<group>"; };
		8C29ECEB1A58A8BB004A758D /* okIMG.jpg */ = {isa = PBXFileReference; lastKnownFileType = image.jpeg; path = okIMG.jpg; sourceTree = "<group>"; };
		8C54BBCE1A56DB14003575C7 /* MapKit.framework */ = {isa = PBXFileReference; lastKnownFileType = wrapper.framework; name = MapKit.framework; path = System/Library/Frameworks/MapKit.framework; sourceTree = SDKROOT; };
		8C7F97FB1A5806C60044B80E /* HistoryTableViewController.h */ = {isa = PBXFileReference; fileEncoding = 4; lastKnownFileType = sourcecode.c.h; path = HistoryTableViewController.h; sourceTree = "<group>"; };
		8C7F97FC1A5806C60044B80E /* HistoryTableViewController.m */ = {isa = PBXFileReference; fileEncoding = 4; lastKnownFileType = sourcecode.c.objc; path = HistoryTableViewController.m; sourceTree = "<group>"; };
		8C87DC8C1A57E35800E50077 /* sample_data.json */ = {isa = PBXFileReference; fileEncoding = 4; lastKnownFileType = text.json; path = sample_data.json; sourceTree = "<group>"; };
		8C9105261A570374004F21CD /* Trick.h */ = {isa = PBXFileReference; fileEncoding = 4; lastKnownFileType = sourcecode.c.h; path = Trick.h; sourceTree = "<group>"; };
		8C9105271A570374004F21CD /* Trick.m */ = {isa = PBXFileReference; fileEncoding = 4; lastKnownFileType = sourcecode.c.objc; path = Trick.m; sourceTree = "<group>"; };
		8C9105291A570521004F21CD /* SkateSpot.h */ = {isa = PBXFileReference; fileEncoding = 4; lastKnownFileType = sourcecode.c.h; path = SkateSpot.h; sourceTree = "<group>"; };
		8C91052A1A570521004F21CD /* SkateSpot.m */ = {isa = PBXFileReference; fileEncoding = 4; lastKnownFileType = sourcecode.c.objc; path = SkateSpot.m; sourceTree = "<group>"; };
		8C91052C1A570F0F004F21CD /* SubmitTrickViewController.h */ = {isa = PBXFileReference; fileEncoding = 4; lastKnownFileType = sourcecode.c.h; path = SubmitTrickViewController.h; sourceTree = "<group>"; };
		8C91052D1A570F0F004F21CD /* SubmitTrickViewController.m */ = {isa = PBXFileReference; fileEncoding = 4; lastKnownFileType = sourcecode.c.objc; path = SubmitTrickViewController.m; sourceTree = "<group>"; };
		8C9105301A571767004F21CD /* AutocompletedTextField.h */ = {isa = PBXFileReference; fileEncoding = 4; lastKnownFileType = sourcecode.c.h; path = AutocompletedTextField.h; sourceTree = "<group>"; };
		8C9105311A571767004F21CD /* AutocompletedTextField.m */ = {isa = PBXFileReference; fileEncoding = 4; lastKnownFileType = sourcecode.c.objc; path = AutocompletedTextField.m; sourceTree = "<group>"; };
		8CA010DA1A56881200A624EA /* TrickTips.app */ = {isa = PBXFileReference; explicitFileType = wrapper.application; includeInIndex = 0; path = TrickTips.app; sourceTree = BUILT_PRODUCTS_DIR; };
		8CA010DE1A56881200A624EA /* Info.plist */ = {isa = PBXFileReference; lastKnownFileType = text.plist.xml; path = Info.plist; sourceTree = "<group>"; };
		8CA010DF1A56881200A624EA /* main.m */ = {isa = PBXFileReference; lastKnownFileType = sourcecode.c.objc; path = main.m; sourceTree = "<group>"; };
		8CA010E11A56881200A624EA /* AppDelegate.h */ = {isa = PBXFileReference; lastKnownFileType = sourcecode.c.h; path = AppDelegate.h; sourceTree = "<group>"; };
		8CA010E21A56881200A624EA /* AppDelegate.m */ = {isa = PBXFileReference; lastKnownFileType = sourcecode.c.objc; path = AppDelegate.m; sourceTree = "<group>"; };
		8CA010E81A56881200A624EA /* Base */ = {isa = PBXFileReference; lastKnownFileType = file.storyboard; name = Base; path = Base.lproj/Main.storyboard; sourceTree = "<group>"; };
		8CA010EA1A56881200A624EA /* Images.xcassets */ = {isa = PBXFileReference; lastKnownFileType = folder.assetcatalog; path = Images.xcassets; sourceTree = "<group>"; };
		8CA010ED1A56881200A624EA /* Base */ = {isa = PBXFileReference; lastKnownFileType = file.xib; name = Base; path = Base.lproj/LaunchScreen.xib; sourceTree = "<group>"; };
		8CA010F31A56881200A624EA /* TrickTipsTests.xctest */ = {isa = PBXFileReference; explicitFileType = wrapper.cfbundle; includeInIndex = 0; path = TrickTipsTests.xctest; sourceTree = BUILT_PRODUCTS_DIR; };
		8CA010F81A56881200A624EA /* Info.plist */ = {isa = PBXFileReference; lastKnownFileType = text.plist.xml; path = Info.plist; sourceTree = "<group>"; };
		8CA010F91A56881200A624EA /* TrickTipsTests.m */ = {isa = PBXFileReference; lastKnownFileType = sourcecode.c.objc; path = TrickTipsTests.m; sourceTree = "<group>"; };
		8CBDEA641A582F5900B2073D /* TrickDataBaseManager.h */ = {isa = PBXFileReference; fileEncoding = 4; lastKnownFileType = sourcecode.c.h; path = TrickDataBaseManager.h; sourceTree = "<group>"; };
		8CBDEA651A582F5900B2073D /* TrickDataBaseManager.m */ = {isa = PBXFileReference; fileEncoding = 4; lastKnownFileType = sourcecode.c.objc; path = TrickDataBaseManager.m; sourceTree = "<group>"; };
		8CFBFA381A5818CA0005D24E /* TrickDetailTableViewController.h */ = {isa = PBXFileReference; fileEncoding = 4; lastKnownFileType = sourcecode.c.h; path = TrickDetailTableViewController.h; sourceTree = "<group>"; };
		8CFBFA391A5818CA0005D24E /* TrickDetailTableViewController.m */ = {isa = PBXFileReference; fileEncoding = 4; lastKnownFileType = sourcecode.c.objc; path = TrickDetailTableViewController.m; sourceTree = "<group>"; };
		8CFBFA3C1A582AE10005D24E /* Bolts.framework */ = {isa = PBXFileReference; lastKnownFileType = wrapper.framework; path = Bolts.framework; sourceTree = "<group>"; };
		8CFBFA3D1A582AE10005D24E /* Parse.framework */ = {isa = PBXFileReference; lastKnownFileType = wrapper.framework; path = Parse.framework; sourceTree = "<group>"; };
		8CFBFA401A582B220005D24E /* CoreGraphics.framework */ = {isa = PBXFileReference; lastKnownFileType = wrapper.framework; name = CoreGraphics.framework; path = System/Library/Frameworks/CoreGraphics.framework; sourceTree = SDKROOT; };
		8CFBFA421A582B2A0005D24E /* AudioToolbox.framework */ = {isa = PBXFileReference; lastKnownFileType = wrapper.framework; name = AudioToolbox.framework; path = System/Library/Frameworks/AudioToolbox.framework; sourceTree = SDKROOT; };
		8CFBFA441A582B310005D24E /* CFNetwork.framework */ = {isa = PBXFileReference; lastKnownFileType = wrapper.framework; name = CFNetwork.framework; path = System/Library/Frameworks/CFNetwork.framework; sourceTree = SDKROOT; };
		8CFBFA461A582B380005D24E /* CoreLocation.framework */ = {isa = PBXFileReference; lastKnownFileType = wrapper.framework; name = CoreLocation.framework; path = System/Library/Frameworks/CoreLocation.framework; sourceTree = SDKROOT; };
		8CFBFA481A582B3F0005D24E /* MobileCoreServices.framework */ = {isa = PBXFileReference; lastKnownFileType = wrapper.framework; name = MobileCoreServices.framework; path = System/Library/Frameworks/MobileCoreServices.framework; sourceTree = SDKROOT; };
		8CFBFA4A1A582B4C0005D24E /* QuartzCore.framework */ = {isa = PBXFileReference; lastKnownFileType = wrapper.framework; name = QuartzCore.framework; path = System/Library/Frameworks/QuartzCore.framework; sourceTree = SDKROOT; };
		8CFBFA4C1A582B890005D24E /* Security.framework */ = {isa = PBXFileReference; lastKnownFileType = wrapper.framework; name = Security.framework; path = System/Library/Frameworks/Security.framework; sourceTree = SDKROOT; };
		8CFBFA4E1A582B990005D24E /* StoreKit.framework */ = {isa = PBXFileReference; lastKnownFileType = wrapper.framework; name = StoreKit.framework; path = System/Library/Frameworks/StoreKit.framework; sourceTree = SDKROOT; };
		8CFBFA501A582BA50005D24E /* SystemConfiguration.framework */ = {isa = PBXFileReference; lastKnownFileType = wrapper.framework; name = SystemConfiguration.framework; path = System/Library/Frameworks/SystemConfiguration.framework; sourceTree = SDKROOT; };
		8CFBFA521A582BC60005D24E /* libz.dylib */ = {isa = PBXFileReference; lastKnownFileType = "compiled.mach-o.dylib"; name = libz.dylib; path = usr/lib/libz.dylib; sourceTree = SDKROOT; };
		8CFBFA541A582BCE0005D24E /* libsqlite3.dylib */ = {isa = PBXFileReference; lastKnownFileType = "compiled.mach-o.dylib"; name = libsqlite3.dylib; path = usr/lib/libsqlite3.dylib; sourceTree = SDKROOT; };
/* End PBXFileReference section */

/* Begin PBXFrameworksBuildPhase section */
		8CA010D71A56881100A624EA /* Frameworks */ = {
			isa = PBXFrameworksBuildPhase;
			buildActionMask = 2147483647;
			files = (
				8CFBFA511A582BA50005D24E /* SystemConfiguration.framework in Frameworks */,
				8CFBFA4F1A582B990005D24E /* StoreKit.framework in Frameworks */,
				8CFBFA4D1A582B890005D24E /* Security.framework in Frameworks */,
				8CFBFA561A582BF80005D24E /* QuartzCore.framework in Frameworks */,
				8CBDEA5F1A582C2A00B2073D /* AudioToolbox.framework in Frameworks */,
				8CBDEA601A582C2E00B2073D /* CFNetwork.framework in Frameworks */,
				8CBDEA611A582C2F00B2073D /* CoreLocation.framework in Frameworks */,
				8CBDEA5B1A582C2400B2073D /* Parse.framework in Frameworks */,
				8CBDEA621A582C7200B2073D /* MobileCoreServices.framework in Frameworks */,
				8CBDEA5C1A582C2500B2073D /* Bolts.framework in Frameworks */,
				8CBDEA5E1A582C2900B2073D /* CoreGraphics.framework in Frameworks */,
				8CFBFA551A582BCE0005D24E /* libsqlite3.dylib in Frameworks */,
				8CBDEA5D1A582C2700B2073D /* MapKit.framework in Frameworks */,
				8CFBFA531A582BC60005D24E /* libz.dylib in Frameworks */,
			);
			runOnlyForDeploymentPostprocessing = 0;
		};
		8CA010F01A56881200A624EA /* Frameworks */ = {
			isa = PBXFrameworksBuildPhase;
			buildActionMask = 2147483647;
			files = (
			);
			runOnlyForDeploymentPostprocessing = 0;
		};
/* End PBXFrameworksBuildPhase section */

/* Begin PBXGroup section */
		8C29ECE31A5890CD004A758D /* Controllers */ = {
			isa = PBXGroup;
			children = (
				8CA010E11A56881200A624EA /* AppDelegate.h */,
				8CA010E21A56881200A624EA /* AppDelegate.m */,
				8C91052C1A570F0F004F21CD /* SubmitTrickViewController.h */,
				8C91052D1A570F0F004F21CD /* SubmitTrickViewController.m */,
				8C29ECE81A5891BA004A758D /* PinOnMapViewController.h */,
				8C29ECE91A5891BA004A758D /* PinOnMapViewController.m */,
				8C7F97FB1A5806C60044B80E /* HistoryTableViewController.h */,
				8C7F97FC1A5806C60044B80E /* HistoryTableViewController.m */,
				8CFBFA381A5818CA0005D24E /* TrickDetailTableViewController.h */,
				8CFBFA391A5818CA0005D24E /* TrickDetailTableViewController.m */,
			);
			name = Controllers;
			sourceTree = "<group>";
		};
		8C29ECE41A589147004A758D /* View */ = {
			isa = PBXGroup;
			children = (
				8CA010E71A56881200A624EA /* Main.storyboard */,
				8CA010EA1A56881200A624EA /* Images.xcassets */,
				8CA010EC1A56881200A624EA /* LaunchScreen.xib */,
			);
			name = View;
			sourceTree = "<group>";
		};
		8C87DC8B1A57E34300E50077 /* Resources */ = {
			isa = PBXGroup;
			children = (
				8C29ECEB1A58A8BB004A758D /* okIMG.jpg */,
				8C87DC8C1A57E35800E50077 /* sample_data.json */,
			);
			name = Resources;
			sourceTree = "<group>";
		};
		8C9105251A570351004F21CD /* Model */ = {
			isa = PBXGroup;
			children = (
				8C9105261A570374004F21CD /* Trick.h */,
				8C9105271A570374004F21CD /* Trick.m */,
				8C9105291A570521004F21CD /* SkateSpot.h */,
				8C91052A1A570521004F21CD /* SkateSpot.m */,
			);
			name = Model;
			sourceTree = "<group>";
		};
		8C91052F1A57173D004F21CD /* Utils */ = {
			isa = PBXGroup;
			children = (
				8C29ECE01A58775D004A758D /* NSDate+TimeAgo.h */,
				8C29ECE11A58775D004A758D /* NSDate+TimeAgo.m */,
				8C9105301A571767004F21CD /* AutocompletedTextField.h */,
				8C9105311A571767004F21CD /* AutocompletedTextField.m */,
			);
			name = Utils;
			sourceTree = "<group>";
		};
		8CA010D11A56881100A624EA = {
			isa = PBXGroup;
			children = (
				8CFBFA3B1A582AD00005D24E /* Frameworks */,
				8CA010DC1A56881200A624EA /* TrickTips */,
				8CA010F61A56881200A624EA /* TrickTipsTests */,
				8CA010DB1A56881200A624EA /* Products */,
			);
			sourceTree = "<group>";
		};
		8CA010DB1A56881200A624EA /* Products */ = {
			isa = PBXGroup;
			children = (
				8CA010DA1A56881200A624EA /* TrickTips.app */,
				8CA010F31A56881200A624EA /* TrickTipsTests.xctest */,
			);
			name = Products;
			sourceTree = "<group>";
		};
		8CA010DC1A56881200A624EA /* TrickTips */ = {
			isa = PBXGroup;
			children = (
				8C87DC8B1A57E34300E50077 /* Resources */,
				8C91052F1A57173D004F21CD /* Utils */,
				8C29ECE31A5890CD004A758D /* Controllers */,
				8CBDEA631A582F4000B2073D /* DataBase */,
				8C9105251A570351004F21CD /* Model */,
				8C29ECE41A589147004A758D /* View */,
				8CA010DD1A56881200A624EA /* Supporting Files */,
			);
			path = TrickTips;
			sourceTree = "<group>";
		};
		8CA010DD1A56881200A624EA /* Supporting Files */ = {
			isa = PBXGroup;
			children = (
				8CA010DE1A56881200A624EA /* Info.plist */,
				8CA010DF1A56881200A624EA /* main.m */,
			);
			name = "Supporting Files";
			sourceTree = "<group>";
		};
		8CA010F61A56881200A624EA /* TrickTipsTests */ = {
			isa = PBXGroup;
			children = (
				8CA010F91A56881200A624EA /* TrickTipsTests.m */,
				8CA010F71A56881200A624EA /* Supporting Files */,
			);
			path = TrickTipsTests;
			sourceTree = "<group>";
		};
		8CA010F71A56881200A624EA /* Supporting Files */ = {
			isa = PBXGroup;
			children = (
				8CA010F81A56881200A624EA /* Info.plist */,
			);
			name = "Supporting Files";
			sourceTree = "<group>";
		};
		8CBDEA631A582F4000B2073D /* DataBase */ = {
			isa = PBXGroup;
			children = (
				8CBDEA641A582F5900B2073D /* TrickDataBaseManager.h */,
				8CBDEA651A582F5900B2073D /* TrickDataBaseManager.m */,
			);
			name = DataBase;
			sourceTree = "<group>";
		};
		8CFBFA3B1A582AD00005D24E /* Frameworks */ = {
			isa = PBXGroup;
			children = (
				8C29ECDE1A58766C004A758D /* NSDateTimeAgo.bundle */,
				8CFBFA541A582BCE0005D24E /* libsqlite3.dylib */,
				8CFBFA521A582BC60005D24E /* libz.dylib */,
				8CFBFA501A582BA50005D24E /* SystemConfiguration.framework */,
				8CFBFA4E1A582B990005D24E /* StoreKit.framework */,
				8CFBFA4C1A582B890005D24E /* Security.framework */,
				8CFBFA4A1A582B4C0005D24E /* QuartzCore.framework */,
				8CFBFA481A582B3F0005D24E /* MobileCoreServices.framework */,
				8CFBFA461A582B380005D24E /* CoreLocation.framework */,
				8CFBFA441A582B310005D24E /* CFNetwork.framework */,
				8CFBFA421A582B2A0005D24E /* AudioToolbox.framework */,
				8CFBFA401A582B220005D24E /* CoreGraphics.framework */,
				8C54BBCE1A56DB14003575C7 /* MapKit.framework */,
				8CFBFA3C1A582AE10005D24E /* Bolts.framework */,
				8CFBFA3D1A582AE10005D24E /* Parse.framework */,
			);
			name = Frameworks;
			path = TrickTips;
			sourceTree = "<group>";
		};
/* End PBXGroup section */

/* Begin PBXNativeTarget section */
		8CA010D91A56881100A624EA /* TrickTips */ = {
			isa = PBXNativeTarget;
			buildConfigurationList = 8CA010FD1A56881200A624EA /* Build configuration list for PBXNativeTarget "TrickTips" */;
			buildPhases = (
				8CA010D61A56881100A624EA /* Sources */,
				8CA010D71A56881100A624EA /* Frameworks */,
				8CA010D81A56881100A624EA /* Resources */,
			);
			buildRules = (
			);
			dependencies = (
			);
			name = TrickTips;
			productName = TrickTips;
			productReference = 8CA010DA1A56881200A624EA /* TrickTips.app */;
			productType = "com.apple.product-type.application";
		};
		8CA010F21A56881200A624EA /* TrickTipsTests */ = {
			isa = PBXNativeTarget;
			buildConfigurationList = 8CA011001A56881200A624EA /* Build configuration list for PBXNativeTarget "TrickTipsTests" */;
			buildPhases = (
				8CA010EF1A56881200A624EA /* Sources */,
				8CA010F01A56881200A624EA /* Frameworks */,
				8CA010F11A56881200A624EA /* Resources */,
			);
			buildRules = (
			);
			dependencies = (
				8CA010F51A56881200A624EA /* PBXTargetDependency */,
			);
			name = TrickTipsTests;
			productName = TrickTipsTests;
			productReference = 8CA010F31A56881200A624EA /* TrickTipsTests.xctest */;
			productType = "com.apple.product-type.bundle.unit-test";
		};
/* End PBXNativeTarget section */

/* Begin PBXProject section */
		8CA010D21A56881100A624EA /* Project object */ = {
			isa = PBXProject;
			attributes = {
				LastUpgradeCheck = 0610;
				ORGANIZATIONNAME = Kuba;
				TargetAttributes = {
					8CA010D91A56881100A624EA = {
						CreatedOnToolsVersion = 6.1.1;
					};
					8CA010F21A56881200A624EA = {
						CreatedOnToolsVersion = 6.1.1;
						TestTargetID = 8CA010D91A56881100A624EA;
					};
				};
			};
			buildConfigurationList = 8CA010D51A56881100A624EA /* Build configuration list for PBXProject "TrickTips" */;
			compatibilityVersion = "Xcode 3.2";
			developmentRegion = English;
			hasScannedForEncodings = 0;
			knownRegions = (
				en,
				Base,
			);
			mainGroup = 8CA010D11A56881100A624EA;
			productRefGroup = 8CA010DB1A56881200A624EA /* Products */;
			projectDirPath = "";
			projectRoot = "";
			targets = (
				8CA010D91A56881100A624EA /* TrickTips */,
				8CA010F21A56881200A624EA /* TrickTipsTests */,
			);
		};
/* End PBXProject section */

/* Begin PBXResourcesBuildPhase section */
		8CA010D81A56881100A624EA /* Resources */ = {
			isa = PBXResourcesBuildPhase;
			buildActionMask = 2147483647;
			files = (
				8CA010E91A56881200A624EA /* Main.storyboard in Resources */,
				8C29ECEC1A58A8BB004A758D /* okIMG.jpg in Resources */,
				8C29ECDF1A58766C004A758D /* NSDateTimeAgo.bundle in Resources */,
				8CA010EE1A56881200A624EA /* LaunchScreen.xib in Resources */,
				8CA010EB1A56881200A624EA /* Images.xcassets in Resources */,
				8C87DC8D1A57E35800E50077 /* sample_data.json in Resources */,
			);
			runOnlyForDeploymentPostprocessing = 0;
		};
		8CA010F11A56881200A624EA /* Resources */ = {
			isa = PBXResourcesBuildPhase;
			buildActionMask = 2147483647;
			files = (
			);
			runOnlyForDeploymentPostprocessing = 0;
		};
/* End PBXResourcesBuildPhase section */

/* Begin PBXSourcesBuildPhase section */
		8CA010D61A56881100A624EA /* Sources */ = {
			isa = PBXSourcesBuildPhase;
			buildActionMask = 2147483647;
			files = (
				8C29ECEA1A5891BA004A758D /* PinOnMapViewController.m in Sources */,
				8CBDEA661A582F5900B2073D /* TrickDataBaseManager.m in Sources */,
				8C7F97FD1A5806C60044B80E /* HistoryTableViewController.m in Sources */,
				8CFBFA3A1A5818CA0005D24E /* TrickDetailTableViewController.m in Sources */,
				8CA010E31A56881200A624EA /* AppDelegate.m in Sources */,
				8C91052E1A570F0F004F21CD /* SubmitTrickViewController.m in Sources */,
				8C9105321A571767004F21CD /* AutocompletedTextField.m in Sources */,
				8CA010E01A56881200A624EA /* main.m in Sources */,
				8C91052B1A570521004F21CD /* SkateSpot.m in Sources */,
				8C29ECE21A58775D004A758D /* NSDate+TimeAgo.m in Sources */,
				8C9105281A570374004F21CD /* Trick.m in Sources */,
			);
			runOnlyForDeploymentPostprocessing = 0;
		};
		8CA010EF1A56881200A624EA /* Sources */ = {
			isa = PBXSourcesBuildPhase;
			buildActionMask = 2147483647;
			files = (
				8CA010FA1A56881200A624EA /* TrickTipsTests.m in Sources */,
			);
			runOnlyForDeploymentPostprocessing = 0;
		};
/* End PBXSourcesBuildPhase section */

/* Begin PBXTargetDependency section */
		8CA010F51A56881200A624EA /* PBXTargetDependency */ = {
			isa = PBXTargetDependency;
			target = 8CA010D91A56881100A624EA /* TrickTips */;
			targetProxy = 8CA010F41A56881200A624EA /* PBXContainerItemProxy */;
		};
/* End PBXTargetDependency section */

/* Begin PBXVariantGroup section */
		8CA010E71A56881200A624EA /* Main.storyboard */ = {
			isa = PBXVariantGroup;
			children = (
				8CA010E81A56881200A624EA /* Base */,
			);
			name = Main.storyboard;
			sourceTree = "<group>";
		};
		8CA010EC1A56881200A624EA /* LaunchScreen.xib */ = {
			isa = PBXVariantGroup;
			children = (
				8CA010ED1A56881200A624EA /* Base */,
			);
			name = LaunchScreen.xib;
			sourceTree = "<group>";
		};
/* End PBXVariantGroup section */

/* Begin XCBuildConfiguration section */
		8CA010FB1A56881200A624EA /* Debug */ = {
			isa = XCBuildConfiguration;
			buildSettings = {
				ALWAYS_SEARCH_USER_PATHS = NO;
				CLANG_CXX_LANGUAGE_STANDARD = "gnu++0x";
				CLANG_CXX_LIBRARY = "libc++";
				CLANG_ENABLE_MODULES = YES;
				CLANG_ENABLE_OBJC_ARC = YES;
				CLANG_WARN_BOOL_CONVERSION = YES;
				CLANG_WARN_CONSTANT_CONVERSION = YES;
				CLANG_WARN_DIRECT_OBJC_ISA_USAGE = YES_ERROR;
				CLANG_WARN_EMPTY_BODY = YES;
				CLANG_WARN_ENUM_CONVERSION = YES;
				CLANG_WARN_INT_CONVERSION = YES;
				CLANG_WARN_OBJC_ROOT_CLASS = YES_ERROR;
				CLANG_WARN_UNREACHABLE_CODE = YES;
				CLANG_WARN__DUPLICATE_METHOD_MATCH = YES;
				"CODE_SIGN_IDENTITY[sdk=iphoneos*]" = "iPhone Developer";
				COPY_PHASE_STRIP = NO;
				ENABLE_STRICT_OBJC_MSGSEND = YES;
				GCC_C_LANGUAGE_STANDARD = gnu99;
				GCC_DYNAMIC_NO_PIC = NO;
				GCC_OPTIMIZATION_LEVEL = 0;
				GCC_PREPROCESSOR_DEFINITIONS = (
					"DEBUG=1",
					"$(inherited)",
				);
				GCC_SYMBOLS_PRIVATE_EXTERN = NO;
				GCC_WARN_64_TO_32_BIT_CONVERSION = YES;
				GCC_WARN_ABOUT_RETURN_TYPE = YES_ERROR;
				GCC_WARN_UNDECLARED_SELECTOR = YES;
				GCC_WARN_UNINITIALIZED_AUTOS = YES_AGGRESSIVE;
				GCC_WARN_UNUSED_FUNCTION = YES;
				GCC_WARN_UNUSED_VARIABLE = YES;
				IPHONEOS_DEPLOYMENT_TARGET = 8.1;
				MTL_ENABLE_DEBUG_INFO = YES;
				ONLY_ACTIVE_ARCH = YES;
				SDKROOT = iphoneos;
				TARGETED_DEVICE_FAMILY = "1,2";
			};
			name = Debug;
		};
		8CA010FC1A56881200A624EA /* Release */ = {
			isa = XCBuildConfiguration;
			buildSettings = {
				ALWAYS_SEARCH_USER_PATHS = NO;
				CLANG_CXX_LANGUAGE_STANDARD = "gnu++0x";
				CLANG_CXX_LIBRARY = "libc++";
				CLANG_ENABLE_MODULES = YES;
				CLANG_ENABLE_OBJC_ARC = YES;
				CLANG_WARN_BOOL_CONVERSION = YES;
				CLANG_WARN_CONSTANT_CONVERSION = YES;
				CLANG_WARN_DIRECT_OBJC_ISA_USAGE = YES_ERROR;
				CLANG_WARN_EMPTY_BODY = YES;
				CLANG_WARN_ENUM_CONVERSION = YES;
				CLANG_WARN_INT_CONVERSION = YES;
				CLANG_WARN_OBJC_ROOT_CLASS = YES_ERROR;
				CLANG_WARN_UNREACHABLE_CODE = YES;
				CLANG_WARN__DUPLICATE_METHOD_MATCH = YES;
				"CODE_SIGN_IDENTITY[sdk=iphoneos*]" = "iPhone Developer";
				COPY_PHASE_STRIP = YES;
				ENABLE_NS_ASSERTIONS = NO;
				ENABLE_STRICT_OBJC_MSGSEND = YES;
				GCC_C_LANGUAGE_STANDARD = gnu99;
				GCC_WARN_64_TO_32_BIT_CONVERSION = YES;
				GCC_WARN_ABOUT_RETURN_TYPE = YES_ERROR;
				GCC_WARN_UNDECLARED_SELECTOR = YES;
				GCC_WARN_UNINITIALIZED_AUTOS = YES_AGGRESSIVE;
				GCC_WARN_UNUSED_FUNCTION = YES;
				GCC_WARN_UNUSED_VARIABLE = YES;
				IPHONEOS_DEPLOYMENT_TARGET = 8.1;
				MTL_ENABLE_DEBUG_INFO = NO;
				SDKROOT = iphoneos;
				TARGETED_DEVICE_FAMILY = "1,2";
				VALIDATE_PRODUCT = YES;
			};
			name = Release;
		};
		8CA010FE1A56881200A624EA /* Debug */ = {
			isa = XCBuildConfiguration;
			buildSettings = {
				ASSETCATALOG_COMPILER_APPICON_NAME = AppIcon;
				FRAMEWORK_SEARCH_PATHS = (
					"$(inherited)",
					"$(PROJECT_DIR)/TrickTips",
				);
				INFOPLIST_FILE = TrickTips/Info.plist;
				LD_RUNPATH_SEARCH_PATHS = "$(inherited) @executable_path/Frameworks";
				PRODUCT_NAME = "$(TARGET_NAME)";
			};
			name = Debug;
		};
		8CA010FF1A56881200A624EA /* Release */ = {
			isa = XCBuildConfiguration;
			buildSettings = {
				ASSETCATALOG_COMPILER_APPICON_NAME = AppIcon;
				FRAMEWORK_SEARCH_PATHS = (
					"$(inherited)",
					"$(PROJECT_DIR)/TrickTips",
				);
				INFOPLIST_FILE = TrickTips/Info.plist;
				LD_RUNPATH_SEARCH_PATHS = "$(inherited) @executable_path/Frameworks";
				PRODUCT_NAME = "$(TARGET_NAME)";
			};
			name = Release;
		};
		8CA011011A56881200A624EA /* Debug */ = {
			isa = XCBuildConfiguration;
			buildSettings = {
				BUNDLE_LOADER = "$(TEST_HOST)";
				FRAMEWORK_SEARCH_PATHS = (
					"$(SDKROOT)/Developer/Library/Frameworks",
					"$(inherited)",
				);
				GCC_PREPROCESSOR_DEFINITIONS = (
					"DEBUG=1",
					"$(inherited)",
				);
				INFOPLIST_FILE = TrickTipsTests/Info.plist;
				LD_RUNPATH_SEARCH_PATHS = "$(inherited) @executable_path/Frameworks @loader_path/Frameworks";
				PRODUCT_NAME = "$(TARGET_NAME)";
				TEST_HOST = "$(BUILT_PRODUCTS_DIR)/TrickTips.app/TrickTips";
			};
			name = Debug;
		};
		8CA011021A56881200A624EA /* Release */ = {
			isa = XCBuildConfiguration;
			buildSettings = {
				BUNDLE_LOADER = "$(TEST_HOST)";
				FRAMEWORK_SEARCH_PATHS = (
					"$(SDKROOT)/Developer/Library/Frameworks",
					"$(inherited)",
				);
				INFOPLIST_FILE = TrickTipsTests/Info.plist;
				LD_RUNPATH_SEARCH_PATHS = "$(inherited) @executable_path/Frameworks @loader_path/Frameworks";
				PRODUCT_NAME = "$(TARGET_NAME)";
				TEST_HOST = "$(BUILT_PRODUCTS_DIR)/TrickTips.app/TrickTips";
			};
			name = Release;
		};
/* End XCBuildConfiguration section */

/* Begin XCConfigurationList section */
		8CA010D51A56881100A624EA /* Build configuration list for PBXProject "TrickTips" */ = {
			isa = XCConfigurationList;
			buildConfigurations = (
				8CA010FB1A56881200A624EA /* Debug */,
				8CA010FC1A56881200A624EA /* Release */,
			);
			defaultConfigurationIsVisible = 0;
			defaultConfigurationName = Release;
		};
		8CA010FD1A56881200A624EA /* Build configuration list for PBXNativeTarget "TrickTips" */ = {
			isa = XCConfigurationList;
			buildConfigurations = (
				8CA010FE1A56881200A624EA /* Debug */,
				8CA010FF1A56881200A624EA /* Release */,
			);
			defaultConfigurationIsVisible = 0;
			defaultConfigurationName = Release;
		};
		8CA011001A56881200A624EA /* Build configuration list for PBXNativeTarget "TrickTipsTests" */ = {
			isa = XCConfigurationList;
			buildConfigurations = (
				8CA011011A56881200A624EA /* Debug */,
				8CA011021A56881200A624EA /* Release */,
			);
			defaultConfigurationIsVisible = 0;
			defaultConfigurationName = Release;
		};
/* End XCConfigurationList section */
	};
	rootObject = 8CA010D21A56881100A624EA /* Project object */;
}
